// !$*UTF8*$!
{
	archiveVersion = 1;
	classes = {
	};
	objectVersion = 50;
	objects = {

/* Begin PBXBuildFile section */
		12C20A1CABB45C6C14CF116E /* Pods_SunnyPoznan.framework in Frameworks */ = {isa = PBXBuildFile; fileRef = 513FB9CF6F367E4817201A6F /* Pods_SunnyPoznan.framework */; };
		E233060720ADF77E00E63FC6 /* AppDelegate.swift in Sources */ = {isa = PBXBuildFile; fileRef = E233060620ADF77E00E63FC6 /* AppDelegate.swift */; };
		E233060920ADF77E00E63FC6 /* WeatherVC.swift in Sources */ = {isa = PBXBuildFile; fileRef = E233060820ADF77E00E63FC6 /* WeatherVC.swift */; };
		E233060C20ADF77E00E63FC6 /* Main.storyboard in Resources */ = {isa = PBXBuildFile; fileRef = E233060A20ADF77E00E63FC6 /* Main.storyboard */; };
		E233060E20ADF78100E63FC6 /* Assets.xcassets in Resources */ = {isa = PBXBuildFile; fileRef = E233060D20ADF78100E63FC6 /* Assets.xcassets */; };
		E233061120ADF78100E63FC6 /* LaunchScreen.storyboard in Resources */ = {isa = PBXBuildFile; fileRef = E233060F20ADF78100E63FC6 /* LaunchScreen.storyboard */; };
		E233061920ADFF1300E63FC6 /* WeatherCell.swift in Sources */ = {isa = PBXBuildFile; fileRef = E233061820ADFF1300E63FC6 /* WeatherCell.swift */; };
		E233061C20AE0C9700E63FC6 /* OpenWeatherAPIConnector.swift in Sources */ = {isa = PBXBuildFile; fileRef = E233061B20AE0C9700E63FC6 /* OpenWeatherAPIConnector.swift */; };
		E27C922320B31330008EC406 /* DayWeather.swift in Sources */ = {isa = PBXBuildFile; fileRef = E27C922220B31330008EC406 /* DayWeather.swift */; };
		E27C922520B31D8F008EC406 /* Converter.swift in Sources */ = {isa = PBXBuildFile; fileRef = E27C922420B31D8F008EC406 /* Converter.swift */; };
		E27C922820B49A5F008EC406 /* DetailVC.swift in Sources */ = {isa = PBXBuildFile; fileRef = E27C922720B49A5F008EC406 /* DetailVC.swift */; };
/* End PBXBuildFile section */

/* Begin PBXFileReference section */
		140099A34A949C90E01D2A31 /* Pods-SunnyPoznan.debug.xcconfig */ = {isa = PBXFileReference; includeInIndex = 1; lastKnownFileType = text.xcconfig; name = "Pods-SunnyPoznan.debug.xcconfig"; path = "Pods/Target Support Files/Pods-SunnyPoznan/Pods-SunnyPoznan.debug.xcconfig"; sourceTree = "<group>"; };
		180FEEE536633E01E6C4C554 /* Pods-SunnyPoznan.release.xcconfig */ = {isa = PBXFileReference; includeInIndex = 1; lastKnownFileType = text.xcconfig; name = "Pods-SunnyPoznan.release.xcconfig"; path = "Pods/Target Support Files/Pods-SunnyPoznan/Pods-SunnyPoznan.release.xcconfig"; sourceTree = "<group>"; };
		513FB9CF6F367E4817201A6F /* Pods_SunnyPoznan.framework */ = {isa = PBXFileReference; explicitFileType = wrapper.framework; includeInIndex = 0; path = Pods_SunnyPoznan.framework; sourceTree = BUILT_PRODUCTS_DIR; };
		E233060320ADF77E00E63FC6 /* SunnyPoznan.app */ = {isa = PBXFileReference; explicitFileType = wrapper.application; includeInIndex = 0; path = SunnyPoznan.app; sourceTree = BUILT_PRODUCTS_DIR; };
		E233060620ADF77E00E63FC6 /* AppDelegate.swift */ = {isa = PBXFileReference; lastKnownFileType = sourcecode.swift; path = AppDelegate.swift; sourceTree = "<group>"; };
		E233060820ADF77E00E63FC6 /* WeatherVC.swift */ = {isa = PBXFileReference; lastKnownFileType = sourcecode.swift; path = WeatherVC.swift; sourceTree = "<group>"; };
		E233060B20ADF77E00E63FC6 /* Base */ = {isa = PBXFileReference; lastKnownFileType = file.storyboard; name = Base; path = Base.lproj/Main.storyboard; sourceTree = "<group>"; };
		E233060D20ADF78100E63FC6 /* Assets.xcassets */ = {isa = PBXFileReference; lastKnownFileType = folder.assetcatalog; path = Assets.xcassets; sourceTree = "<group>"; };
		E233061020ADF78100E63FC6 /* Base */ = {isa = PBXFileReference; lastKnownFileType = file.storyboard; name = Base; path = Base.lproj/LaunchScreen.storyboard; sourceTree = "<group>"; };
		E233061220ADF78100E63FC6 /* Info.plist */ = {isa = PBXFileReference; lastKnownFileType = text.plist.xml; path = Info.plist; sourceTree = "<group>"; };
		E233061820ADFF1300E63FC6 /* WeatherCell.swift */ = {isa = PBXFileReference; lastKnownFileType = sourcecode.swift; path = WeatherCell.swift; sourceTree = "<group>"; };
		E233061B20AE0C9700E63FC6 /* OpenWeatherAPIConnector.swift */ = {isa = PBXFileReference; lastKnownFileType = sourcecode.swift; path = OpenWeatherAPIConnector.swift; sourceTree = "<group>"; };
		E27C922220B31330008EC406 /* DayWeather.swift */ = {isa = PBXFileReference; lastKnownFileType = sourcecode.swift; path = DayWeather.swift; sourceTree = "<group>"; };
		E27C922420B31D8F008EC406 /* Converter.swift */ = {isa = PBXFileReference; lastKnownFileType = sourcecode.swift; path = Converter.swift; sourceTree = "<group>"; };
		E27C922720B49A5F008EC406 /* DetailVC.swift */ = {isa = PBXFileReference; lastKnownFileType = sourcecode.swift; path = DetailVC.swift; sourceTree = "<group>"; };
/* End PBXFileReference section */

/* Begin PBXFrameworksBuildPhase section */
		E233060020ADF77E00E63FC6 /* Frameworks */ = {
			isa = PBXFrameworksBuildPhase;
			buildActionMask = 2147483647;
			files = (
				12C20A1CABB45C6C14CF116E /* Pods_SunnyPoznan.framework in Frameworks */,
			);
			runOnlyForDeploymentPostprocessing = 0;
		};
/* End PBXFrameworksBuildPhase section */

/* Begin PBXGroup section */
		7DAE40C3B8739F8BBCC91EC7 /* Frameworks */ = {
			isa = PBXGroup;
			children = (
				513FB9CF6F367E4817201A6F /* Pods_SunnyPoznan.framework */,
			);
			name = Frameworks;
			sourceTree = "<group>";
		};
		84D1BE47C2509AD7AC41C215 /* Pods */ = {
			isa = PBXGroup;
			children = (
				140099A34A949C90E01D2A31 /* Pods-SunnyPoznan.debug.xcconfig */,
				180FEEE536633E01E6C4C554 /* Pods-SunnyPoznan.release.xcconfig */,
			);
			name = Pods;
			sourceTree = "<group>";
		};
		E20CA58D20B4B0AF00CEE001 /* View */ = {
			isa = PBXGroup;
			children = (
				E233061820ADFF1300E63FC6 /* WeatherCell.swift */,
				E233060620ADF77E00E63FC6 /* AppDelegate.swift */,
				E233060A20ADF77E00E63FC6 /* Main.storyboard */,
				E233060F20ADF78100E63FC6 /* LaunchScreen.storyboard */,
			);
			path = View;
			sourceTree = "<group>";
		};
		E23305FA20ADF77E00E63FC6 = {
			isa = PBXGroup;
			children = (
				E233060520ADF77E00E63FC6 /* SunnyPoznan */,
				E233060420ADF77E00E63FC6 /* Products */,
				84D1BE47C2509AD7AC41C215 /* Pods */,
				7DAE40C3B8739F8BBCC91EC7 /* Frameworks */,
			);
			sourceTree = "<group>";
		};
		E233060420ADF77E00E63FC6 /* Products */ = {
			isa = PBXGroup;
			children = (
				E233060320ADF77E00E63FC6 /* SunnyPoznan.app */,
			);
			name = Products;
			sourceTree = "<group>";
		};
		E233060520ADF77E00E63FC6 /* SunnyPoznan */ = {
			isa = PBXGroup;
			children = (
				E20CA58D20B4B0AF00CEE001 /* View */,
				E27C922620B49201008EC406 /* Controller */,
				E27C922120B312D5008EC406 /* Model */,
				E233061A20AE0C7200E63FC6 /* Services */,
				E233060D20ADF78100E63FC6 /* Assets.xcassets */,
				E233061220ADF78100E63FC6 /* Info.plist */,
			);
			path = SunnyPoznan;
			sourceTree = "<group>";
		};
		E233061A20AE0C7200E63FC6 /* Services */ = {
			isa = PBXGroup;
			children = (
				E233061B20AE0C9700E63FC6 /* OpenWeatherAPIConnector.swift */,
			);
			path = Services;
			sourceTree = "<group>";
		};
		E27C922120B312D5008EC406 /* Model */ = {
			isa = PBXGroup;
			children = (
				E27C922220B31330008EC406 /* DayWeather.swift */,
				E27C922420B31D8F008EC406 /* Converter.swift */,
			);
			path = Model;
			sourceTree = "<group>";
		};
		E27C922620B49201008EC406 /* Controller */ = {
			isa = PBXGroup;
			children = (
				E233060820ADF77E00E63FC6 /* WeatherVC.swift */,
				E27C922720B49A5F008EC406 /* DetailVC.swift */,
			);
			path = Controller;
			sourceTree = "<group>";
		};
/* End PBXGroup section */

/* Begin PBXNativeTarget section */
		E233060220ADF77E00E63FC6 /* SunnyPoznan */ = {
			isa = PBXNativeTarget;
			buildConfigurationList = E233061520ADF78100E63FC6 /* Build configuration list for PBXNativeTarget "SunnyPoznan" */;
			buildPhases = (
				9FAD6BEE28FC7C78B2A6003F /* [CP] Check Pods Manifest.lock */,
				E23305FF20ADF77E00E63FC6 /* Sources */,
				E233060020ADF77E00E63FC6 /* Frameworks */,
				E233060120ADF77E00E63FC6 /* Resources */,
				DFC2DF89BB84EEAFD713ED28 /* [CP] Embed Pods Frameworks */,
			);
			buildRules = (
			);
			dependencies = (
			);
			name = SunnyPoznan;
			productName = SunnyPoznan;
			productReference = E233060320ADF77E00E63FC6 /* SunnyPoznan.app */;
			productType = "com.apple.product-type.application";
		};
/* End PBXNativeTarget section */

/* Begin PBXProject section */
		E23305FB20ADF77E00E63FC6 /* Project object */ = {
			isa = PBXProject;
			attributes = {
				LastSwiftUpdateCheck = 0930;
				LastUpgradeCheck = 0930;
				ORGANIZATIONNAME = Tom;
				TargetAttributes = {
					E233060220ADF77E00E63FC6 = {
						CreatedOnToolsVersion = 9.3;
					};
				};
			};
			buildConfigurationList = E23305FE20ADF77E00E63FC6 /* Build configuration list for PBXProject "SunnyPoznan" */;
			compatibilityVersion = "Xcode 9.3";
			developmentRegion = en;
			hasScannedForEncodings = 0;
			knownRegions = (
				en,
				Base,
			);
			mainGroup = E23305FA20ADF77E00E63FC6;
			productRefGroup = E233060420ADF77E00E63FC6 /* Products */;
			projectDirPath = "";
			projectRoot = "";
			targets = (
				E233060220ADF77E00E63FC6 /* SunnyPoznan */,
			);
		};
/* End PBXProject section */

/* Begin PBXResourcesBuildPhase section */
		E233060120ADF77E00E63FC6 /* Resources */ = {
			isa = PBXResourcesBuildPhase;
			buildActionMask = 2147483647;
			files = (
				E233061120ADF78100E63FC6 /* LaunchScreen.storyboard in Resources */,
				E233060E20ADF78100E63FC6 /* Assets.xcassets in Resources */,
				E233060C20ADF77E00E63FC6 /* Main.storyboard in Resources */,
			);
			runOnlyForDeploymentPostprocessing = 0;
		};
/* End PBXResourcesBuildPhase section */

/* Begin PBXShellScriptBuildPhase section */
		9FAD6BEE28FC7C78B2A6003F /* [CP] Check Pods Manifest.lock */ = {
			isa = PBXShellScriptBuildPhase;
			buildActionMask = 2147483647;
			files = (
			);
			inputPaths = (
				"${PODS_PODFILE_DIR_PATH}/Podfile.lock",
				"${PODS_ROOT}/Manifest.lock",
			);
			name = "[CP] Check Pods Manifest.lock";
			outputPaths = (
				"$(DERIVED_FILE_DIR)/Pods-SunnyPoznan-checkManifestLockResult.txt",
			);
			runOnlyForDeploymentPostprocessing = 0;
			shellPath = /bin/sh;
			shellScript = "diff \"${PODS_PODFILE_DIR_PATH}/Podfile.lock\" \"${PODS_ROOT}/Manifest.lock\" > /dev/null\nif [ $? != 0 ] ; then\n    # print error to STDERR\n    echo \"error: The sandbox is not in sync with the Podfile.lock. Run 'pod install' or update your CocoaPods installation.\" >&2\n    exit 1\nfi\n# This output is used by Xcode 'outputs' to avoid re-running this script phase.\necho \"SUCCESS\" > \"${SCRIPT_OUTPUT_FILE_0}\"\n";
			showEnvVarsInLog = 0;
		};
		DFC2DF89BB84EEAFD713ED28 /* [CP] Embed Pods Frameworks */ = {
			isa = PBXShellScriptBuildPhase;
			buildActionMask = 2147483647;
			files = (
			);
			inputPaths = (
				"${SRCROOT}/Pods/Target Support Files/Pods-SunnyPoznan/Pods-SunnyPoznan-frameworks.sh",
				"${BUILT_PRODUCTS_DIR}/Alamofire/Alamofire.framework",
				"${BUILT_PRODUCTS_DIR}/SwiftyJSON/SwiftyJSON.framework",
			);
			name = "[CP] Embed Pods Frameworks";
			outputPaths = (
				"${TARGET_BUILD_DIR}/${FRAMEWORKS_FOLDER_PATH}/Alamofire.framework",
				"${TARGET_BUILD_DIR}/${FRAMEWORKS_FOLDER_PATH}/SwiftyJSON.framework",
			);
			runOnlyForDeploymentPostprocessing = 0;
			shellPath = /bin/sh;
			shellScript = "\"${SRCROOT}/Pods/Target Support Files/Pods-SunnyPoznan/Pods-SunnyPoznan-frameworks.sh\"\n";
			showEnvVarsInLog = 0;
		};
/* End PBXShellScriptBuildPhase section */

/* Begin PBXSourcesBuildPhase section */
		E23305FF20ADF77E00E63FC6 /* Sources */ = {
			isa = PBXSourcesBuildPhase;
			buildActionMask = 2147483647;
			files = (
				E233060920ADF77E00E63FC6 /* WeatherVC.swift in Sources */,
				E27C922320B31330008EC406 /* DayWeather.swift in Sources */,
				E233060720ADF77E00E63FC6 /* AppDelegate.swift in Sources */,
				E27C922520B31D8F008EC406 /* Converter.swift in Sources */,
				E233061920ADFF1300E63FC6 /* WeatherCell.swift in Sources */,
				E233061C20AE0C9700E63FC6 /* OpenWeatherAPIConnector.swift in Sources */,
				E27C922820B49A5F008EC406 /* DetailVC.swift in Sources */,
			);
			runOnlyForDeploymentPostprocessing = 0;
		};
/* End PBXSourcesBuildPhase section */

/* Begin PBXVariantGroup section */
		E233060A20ADF77E00E63FC6 /* Main.storyboard */ = {
			isa = PBXVariantGroup;
			children = (
				E233060B20ADF77E00E63FC6 /* Base */,
			);
			name = Main.storyboard;
			sourceTree = "<group>";
		};
		E233060F20ADF78100E63FC6 /* LaunchScreen.storyboard */ = {
			isa = PBXVariantGroup;
			children = (
				E233061020ADF78100E63FC6 /* Base */,
			);
			name = LaunchScreen.storyboard;
			sourceTree = "<group>";
		};
/* End PBXVariantGroup section */

/* Begin XCBuildConfiguration section */
		E233061320ADF78100E63FC6 /* Debug */ = {
			isa = XCBuildConfiguration;
			buildSettings = {
				ALWAYS_SEARCH_USER_PATHS = NO;
				CLANG_ANALYZER_NONNULL = YES;
				CLANG_ANALYZER_NUMBER_OBJECT_CONVERSION = YES_AGGRESSIVE;
				CLANG_CXX_LANGUAGE_STANDARD = "gnu++14";
				CLANG_CXX_LIBRARY = "libc++";
				CLANG_ENABLE_MODULES = YES;
				CLANG_ENABLE_OBJC_ARC = YES;
				CLANG_ENABLE_OBJC_WEAK = YES;
				CLANG_WARN_BLOCK_CAPTURE_AUTORELEASING = YES;
				CLANG_WARN_BOOL_CONVERSION = YES;
				CLANG_WARN_COMMA = YES;
				CLANG_WARN_CONSTANT_CONVERSION = YES;
				CLANG_WARN_DEPRECATED_OBJC_IMPLEMENTATIONS = YES;
				CLANG_WARN_DIRECT_OBJC_ISA_USAGE = YES_ERROR;
				CLANG_WARN_DOCUMENTATION_COMMENTS = YES;
				CLANG_WARN_EMPTY_BODY = YES;
				CLANG_WARN_ENUM_CONVERSION = YES;
				CLANG_WARN_INFINITE_RECURSION = YES;
				CLANG_WARN_INT_CONVERSION = YES;
				CLANG_WARN_NON_LITERAL_NULL_CONVERSION = YES;
				CLANG_WARN_OBJC_IMPLICIT_RETAIN_SELF = YES;
				CLANG_WARN_OBJC_LITERAL_CONVERSION = YES;
				CLANG_WARN_OBJC_ROOT_CLASS = YES_ERROR;
				CLANG_WARN_RANGE_LOOP_ANALYSIS = YES;
				CLANG_WARN_STRICT_PROTOTYPES = YES;
				CLANG_WARN_SUSPICIOUS_MOVE = YES;
				CLANG_WARN_UNGUARDED_AVAILABILITY = YES_AGGRESSIVE;
				CLANG_WARN_UNREACHABLE_CODE = YES;
				CLANG_WARN__DUPLICATE_METHOD_MATCH = YES;
				CODE_SIGN_IDENTITY = "iPhone Developer";
				COPY_PHASE_STRIP = NO;
				DEBUG_INFORMATION_FORMAT = dwarf;
				ENABLE_STRICT_OBJC_MSGSEND = YES;
				ENABLE_TESTABILITY = YES;
				GCC_C_LANGUAGE_STANDARD = gnu11;
				GCC_DYNAMIC_NO_PIC = NO;
				GCC_NO_COMMON_BLOCKS = YES;
				GCC_OPTIMIZATION_LEVEL = 0;
				GCC_PREPROCESSOR_DEFINITIONS = (
					"DEBUG=1",
					"$(inherited)",
				);
				GCC_WARN_64_TO_32_BIT_CONVERSION = YES;
				GCC_WARN_ABOUT_RETURN_TYPE = YES_ERROR;
				GCC_WARN_UNDECLARED_SELECTOR = YES;
				GCC_WARN_UNINITIALIZED_AUTOS = YES_AGGRESSIVE;
				GCC_WARN_UNUSED_FUNCTION = YES;
				GCC_WARN_UNUSED_VARIABLE = YES;
				IPHONEOS_DEPLOYMENT_TARGET = 11.3;
				MTL_ENABLE_DEBUG_INFO = YES;
				ONLY_ACTIVE_ARCH = YES;
				SDKROOT = iphoneos;
				SWIFT_ACTIVE_COMPILATION_CONDITIONS = DEBUG;
				SWIFT_OPTIMIZATION_LEVEL = "-Onone";
			};
			name = Debug;
		};
		E233061420ADF78100E63FC6 /* Release */ = {
			isa = XCBuildConfiguration;
			buildSettings = {
				ALWAYS_SEARCH_USER_PATHS = NO;
				CLANG_ANALYZER_NONNULL = YES;
				CLANG_ANALYZER_NUMBER_OBJECT_CONVERSION = YES_AGGRESSIVE;
				CLANG_CXX_LANGUAGE_STANDARD = "gnu++14";
				CLANG_CXX_LIBRARY = "libc++";
				CLANG_ENABLE_MODULES = YES;
				CLANG_ENABLE_OBJC_ARC = YES;
				CLANG_ENABLE_OBJC_WEAK = YES;
				CLANG_WARN_BLOCK_CAPTURE_AUTORELEASING = YES;
				CLANG_WARN_BOOL_CONVERSION = YES;
				CLANG_WARN_COMMA = YES;
				CLANG_WARN_CONSTANT_CONVERSION = YES;
				CLANG_WARN_DEPRECATED_OBJC_IMPLEMENTATIONS = YES;
				CLANG_WARN_DIRECT_OBJC_ISA_USAGE = YES_ERROR;
				CLANG_WARN_DOCUMENTATION_COMMENTS = YES;
				CLANG_WARN_EMPTY_BODY = YES;
				CLANG_WARN_ENUM_CONVERSION = YES;
				CLANG_WARN_INFINITE_RECURSION = YES;
				CLANG_WARN_INT_CONVERSION = YES;
				CLANG_WARN_NON_LITERAL_NULL_CONVERSION = YES;
				CLANG_WARN_OBJC_IMPLICIT_RETAIN_SELF = YES;
				CLANG_WARN_OBJC_LITERAL_CONVERSION = YES;
				CLANG_WARN_OBJC_ROOT_CLASS = YES_ERROR;
				CLANG_WARN_RANGE_LOOP_ANALYSIS = YES;
				CLANG_WARN_STRICT_PROTOTYPES = YES;
				CLANG_WARN_SUSPICIOUS_MOVE = YES;
				CLANG_WARN_UNGUARDED_AVAILABILITY = YES_AGGRESSIVE;
				CLANG_WARN_UNREACHABLE_CODE = YES;
				CLANG_WARN__DUPLICATE_METHOD_MATCH = YES;
				CODE_SIGN_IDENTITY = "iPhone Developer";
				COPY_PHASE_STRIP = NO;
				DEBUG_INFORMATION_FORMAT = "dwarf-with-dsym";
				ENABLE_NS_ASSERTIONS = NO;
				ENABLE_STRICT_OBJC_MSGSEND = YES;
				GCC_C_LANGUAGE_STANDARD = gnu11;
				GCC_NO_COMMON_BLOCKS = YES;
				GCC_WARN_64_TO_32_BIT_CONVERSION = YES;
				GCC_WARN_ABOUT_RETURN_TYPE = YES_ERROR;
				GCC_WARN_UNDECLARED_SELECTOR = YES;
				GCC_WARN_UNINITIALIZED_AUTOS = YES_AGGRESSIVE;
				GCC_WARN_UNUSED_FUNCTION = YES;
				GCC_WARN_UNUSED_VARIABLE = YES;
				IPHONEOS_DEPLOYMENT_TARGET = 11.3;
				MTL_ENABLE_DEBUG_INFO = NO;
				SDKROOT = iphoneos;
				SWIFT_COMPILATION_MODE = wholemodule;
				SWIFT_OPTIMIZATION_LEVEL = "-O";
				VALIDATE_PRODUCT = YES;
			};
			name = Release;
		};
		E233061620ADF78100E63FC6 /* Debug */ = {
			isa = XCBuildConfiguration;
			baseConfigurationReference = 140099A34A949C90E01D2A31 /* Pods-SunnyPoznan.debug.xcconfig */;
			buildSettings = {
				ASSETCATALOG_COMPILER_APPICON_NAME = AppIcon;
				CODE_SIGN_STYLE = Automatic;
				DEVELOPMENT_TEAM = NGH34MU357;
				INFOPLIST_FILE = SunnyPoznan/Info.plist;
				LD_RUNPATH_SEARCH_PATHS = (
					"$(inherited)",
					"@executable_path/Frameworks",
				);
				PRODUCT_BUNDLE_IDENTIFIER = Do.This.App.SunnyPoznan;
				PRODUCT_NAME = "$(TARGET_NAME)";
				SWIFT_VERSION = 4.0;
				TARGETED_DEVICE_FAMILY = "1,2";
			};
			name = Debug;
		};
		E233061720ADF78100E63FC6 /* Release */ = {
			isa = XCBuildConfiguration;
			baseConfigurationReference = 180FEEE536633E01E6C4C554 /* Pods-SunnyPoznan.release.xcconfig */;
			buildSettings = {
				ASSETCATALOG_COMPILER_APPICON_NAME = AppIcon;
				CODE_SIGN_STYLE = Automatic;
				DEVELOPMENT_TEAM = NGH34MU357;
				INFOPLIST_FILE = SunnyPoznan/Info.plist;
				LD_RUNPATH_SEARCH_PATHS = (
					"$(inherited)",
					"@executable_path/Frameworks",
				);
				PRODUCT_BUNDLE_IDENTIFIER = Do.This.App.SunnyPoznan;
				PRODUCT_NAME = "$(TARGET_NAME)";
				SWIFT_VERSION = 4.0;
				TARGETED_DEVICE_FAMILY = "1,2";
			};
			name = Release;
		};
/* End XCBuildConfiguration section */

/* Begin XCConfigurationList section */
		E23305FE20ADF77E00E63FC6 /* Build configuration list for PBXProject "SunnyPoznan" */ = {
			isa = XCConfigurationList;
			buildConfigurations = (
				E233061320ADF78100E63FC6 /* Debug */,
				E233061420ADF78100E63FC6 /* Release */,
			);
			defaultConfigurationIsVisible = 0;
			defaultConfigurationName = Release;
		};
		E233061520ADF78100E63FC6 /* Build configuration list for PBXNativeTarget "SunnyPoznan" */ = {
			isa = XCConfigurationList;
			buildConfigurations = (
				E233061620ADF78100E63FC6 /* Debug */,
				E233061720ADF78100E63FC6 /* Release */,
			);
			defaultConfigurationIsVisible = 0;
			defaultConfigurationName = Release;
		};
/* End XCConfigurationList section */
	};
	rootObject = E23305FB20ADF77E00E63FC6 /* Project object */;
}
